
Microsoft Visual Studio Solution File, Format Version 12.00
# Visual Studio Version 16
VisualStudioVersion = 16.0.30413.136
MinimumVisualStudioVersion = 10.0.40219.1
Project("{9A19103F-16F7-4668-BE54-9A1E7A4F7556}") = "Sem", "Sem\Sem.csproj", "{80CDDEB2-9DA2-4AA8-A29C-B21160CE8D8A}"
EndProject
Global
	GlobalSection(SolutionConfigurationPlatforms) = preSolution
		Debug|Any CPU = Debug|Any CPU
		Release|Any CPU = Release|Any CPU
	EndGlobalSection
	GlobalSection(ProjectConfigurationPlatforms) = postSolution
		{80CDDEB2-9DA2-4AA8-A29C-B21160CE8D8A}.Debug|Any CPU.ActiveCfg = Debug|Any CPU
		{80CDDEB2-9DA2-4AA8-A29C-B21160CE8D8A}.Debug|Any CPU.Build.0 = Debug|Any CPU
		{80CDDEB2-9DA2-4AA8-A29C-B21160CE8D8A}.Release|Any CPU.ActiveCfg = Release|Any CPU
		{80CDDEB2-9DA2-4AA8-A29C-B21160CE8D8A}.Release|Any CPU.Build.0 = Release|Any CPU
	EndGlobalSection
	GlobalSection(SolutionProperties) = preSolution
		HideSolutionNode = FALSE
	EndGlobalSection
	GlobalSection(ExtensibilityGlobals) = postSolution
		SolutionGuid = {54E98688-F0A0-491F-A46C-17A8DCE3042F}
	EndGlobalSection
EndGlobal
